<?xml version="1.0" encoding="utf-8"?>
<Project ToolsVersion="4.0" xmlns="http://schemas.microsoft.com/developer/msbuild/2003">
  <ItemGroup>
    <Filter Include="Source Files">
      <UniqueIdentifier>{4FC737F1-C7A5-4376-A066-2A32D752A2FF}</UniqueIdentifier>
      <Extensions>cpp;c;cc;cxx;c++;cppm;ixx;def;odl;idl;hpj;bat;asm;asmx</Extensions>
    </Filter>
    <Filter Include="Header Files">
      <UniqueIdentifier>{93995380-89BD-4b04-88EB-625FBE52EBFB}</UniqueIdentifier>
      <Extensions>h;hh;hpp;hxx;h++;hm;inl;inc;ipp;xsd</Extensions>
    </Filter>
    <Filter Include="Resource Files">
      <UniqueIdentifier>{67DA6AB6-F800-4c08-8B7A-83BB121AAD01}</UniqueIdentifier>
      <Extensions>rc;ico;cur;bmp;dlg;rc2;rct;bin;rgs;gif;jpg;jpeg;jpe;resx;tiff;tif;png;wav;mfcribbon-ms</Extensions>
    </Filter>
    <Filter Include="Source Files\framework">
      <UniqueIdentifier>{51a36c4a-ce9f-4224-ba20-9398ab38959e}</UniqueIdentifier>
    </Filter>
    <Filter Include="Source Files\util">
      <UniqueIdentifier>{86ab675f-3801-4baf-980a-708c9036eadd}</UniqueIdentifier>
    </Filter>
    <Filter Include="Header Files\framework">
      <UniqueIdentifier>{8fff49c3-4288-4389-9d27-7ad5029ee9da}</UniqueIdentifier>
    </Filter>
    <Filter Include="Header Files\appdata">
      <UniqueIdentifier>{d70c5653-7b92-4817-a5c2-cbe3ae1370fc}</UniqueIdentifier>
    </Filter>
    <Filter Include="Header Files\util">
      <UniqueIdentifier>{44fb60a8-f226-4fe6-9924-d2ba15a25474}</UniqueIdentifier>
    </Filter>
    <Filter Include="Header Files\include">
      <UniqueIdentifier>{408959ac-4b19-4402-a96f-d2a195942f29}</UniqueIdentifier>
    </Filter>
  </ItemGroup>
  <ItemGroup>
    <ClInclude Include="src\user\main.h">
      <Filter>Header Files</Filter>
    </ClInclude>
    <ClInclude Include="src\appdata\il2cpp-api-functions.h">
      <Filter>Header Files\appdata</Filter>
    </ClInclude>
    <ClInclude Include="src\appdata\il2cpp-api-functions-ptr.h">
      <Filter>Header Files\appdata</Filter>
    </ClInclude>
    <ClInclude Include="src\appdata\il2cpp-functions.h">
      <Filter>Header Files\appdata</Filter>
    </ClInclude>
    <ClInclude Include="src\appdata\il2cpp-metadata-version.h">
      <Filter>Header Files\appdata</Filter>
    </ClInclude>
    <ClInclude Include="src\appdata\il2cpp-unityplayer-functions.h">
      <Filter>Header Files\appdata</Filter>
    </ClInclude>
    <ClInclude Include="src\appdata\il2cpp-types-ptr.h">
      <Filter>Header Files\appdata</Filter>
    </ClInclude>
    <ClInclude Include="src\appdata\il2cpp-types.h">
      <Filter>Header Files\appdata</Filter>
    </ClInclude>
    <ClInclude Include="src\framework\pch-il2cpp.h">
      <Filter>Header Files\framework</Filter>
    </ClInclude>
    <ClInclude Include="src\framework\il2cpp-init.h">
      <Filter>Header Files\framework</Filter>
    </ClInclude>
    <ClInclude Include="src\framework\helpers.h">
      <Filter>Header Files\framework</Filter>
    </ClInclude>
    <ClInclude Include="src\framework\il2cpp-appdata.h">
      <Filter>Header Files\framework</Filter>
    </ClInclude>
    <ClInclude Include="src\user\common\HookManager.h">
      <Filter>Header Files\util</Filter>
    </ClInclude>
    <ClInclude Include="vendor\imgui\imgui.h">
      <Filter>Header Files</Filter>
    </ClInclude>
    <ClInclude Include="vendor\imgui\imgui_internal.h">
      <Filter>Header Files</Filter>
    </ClInclude>
    <ClInclude Include="vendor\imgui\backends\imgui_impl_dx11.h">
      <Filter>Header Files</Filter>
    </ClInclude>
    <ClInclude Include="src\user\common\dx11-hook.h">
      <Filter>Header Files</Filter>
    </ClInclude>
    <ClInclude Include="src\user\gui\renderer.h">
      <Filter>Header Files</Filter>
    </ClInclude>
    <ClInclude Include="vendor\imgui\backends\imgui_impl_win32.h">
      <Filter>Header Files</Filter>
    </ClInclude>
    <ClInclude Include="vendor\include\detours.h">
      <Filter>Header Files</Filter>
    </ClInclude>
    <ClInclude Include="vendor\include\detver.h">
      <Filter>Header Files</Filter>
    </ClInclude>
    <ClInclude Include="src\user\gui\modules\IGUIModule.h">
      <Filter>Header Files</Filter>
    </ClInclude>
    <ClInclude Include="src\user\gui\modules\TeleportModule.h">
      <Filter>Header Files</Filter>
    </ClInclude>
    <ClInclude Include="src\user\common\close-handle.h">
      <Filter>Header Files</Filter>
    </ClInclude>
    <ClInclude Include="res\resource.h">
      <Filter>Header Files</Filter>
    </ClInclude>
    <ClInclude Include="src\user\common\Hotkey.h">
      <Filter>Header Files</Filter>
    </ClInclude>
    <ClInclude Include="src\user\gui\gui-util.h">
      <Filter>Header Files</Filter>
    </ClInclude>
    <ClInclude Include="vendor\imgui\misc\cpp\imgui_stdlib.h">
      <Filter>Header Files</Filter>
    </ClInclude>
    <ClInclude Include="src\user\gui\modules\SettingsModule.h">
      <Filter>Header Files</Filter>
    </ClInclude>
    <ClInclude Include="src\user\cheat\cheat.h">
      <Filter>Header Files</Filter>
    </ClInclude>
    <ClInclude Include="src\user\gui\modules\DebugModule.h">
      <Filter>Header Files</Filter>
    </ClInclude>
    <ClInclude Include="vendor\magic_enum\include\magic_enum.hpp">
      <Filter>Header Files</Filter>
    </ClInclude>
    <ClInclude Include="src\user\gui\modules\StatusModule.h">
      <Filter>Header Files</Filter>
    </ClInclude>
    <ClInclude Include="src\user\gui\modules\HotkeysModule.h">
      <Filter>Header Files</Filter>
    </ClInclude>
    <ClInclude Include="src\user\gui\modules\PlayerModule.h">
      <Filter>Header Files</Filter>
    </ClInclude>
    <ClInclude Include="src\user\gui\modules\WorldModule.h">
      <Filter>Header Files</Filter>
    </ClInclude>
    <ClInclude Include="src\user\common\Patch.h">
      <Filter>Header Files</Filter>
    </ClInclude>
    <ClInclude Include="src\user\common\util.h">
      <Filter>Header Files</Filter>
    </ClInclude>
    <ClInclude Include="src\user\common\GlobalEvents.h">
      <Filter>Header Files</Filter>
    </ClInclude>
    <ClInclude Include="src\user\gui\main-window.h">
      <Filter>Header Files</Filter>
    </ClInclude>
    <ClInclude Include="vendor\google\protobuf\message.h">
      <Filter>Header Files</Filter>
    </ClInclude>
    <ClInclude Include="vendor\google\protobuf\compiler\cpp\cpp_enum.h">
      <Filter>Header Files</Filter>
    </ClInclude>
    <ClInclude Include="vendor\google\protobuf\compiler\cpp\cpp_enum_field.h">
      <Filter>Header Files</Filter>
    </ClInclude>
    <ClInclude Include="vendor\google\protobuf\compiler\cpp\cpp_extension.h">
      <Filter>Header Files</Filter>
    </ClInclude>
    <ClInclude Include="vendor\google\protobuf\compiler\cpp\cpp_field.h">
      <Filter>Header Files</Filter>
    </ClInclude>
    <ClInclude Include="vendor\google\protobuf\compiler\cpp\cpp_file.h">
      <Filter>Header Files</Filter>
    </ClInclude>
    <ClInclude Include="vendor\google\protobuf\compiler\cpp\cpp_generator.h">
      <Filter>Header Files</Filter>
    </ClInclude>
    <ClInclude Include="vendor\google\protobuf\compiler\cpp\cpp_helpers.h">
      <Filter>Header Files</Filter>
    </ClInclude>
    <ClInclude Include="vendor\google\protobuf\compiler\cpp\cpp_map_field.h">
      <Filter>Header Files</Filter>
    </ClInclude>
    <ClInclude Include="vendor\google\protobuf\compiler\cpp\cpp_message.h">
      <Filter>Header Files</Filter>
    </ClInclude>
    <ClInclude Include="vendor\google\protobuf\compiler\cpp\cpp_message_field.h">
      <Filter>Header Files</Filter>
    </ClInclude>
    <ClInclude Include="vendor\google\protobuf\compiler\cpp\cpp_message_layout_helper.h">
      <Filter>Header Files</Filter>
    </ClInclude>
    <ClInclude Include="vendor\google\protobuf\compiler\cpp\cpp_names.h">
      <Filter>Header Files</Filter>
    </ClInclude>
    <ClInclude Include="vendor\google\protobuf\compiler\cpp\cpp_options.h">
      <Filter>Header Files</Filter>
    </ClInclude>
    <ClInclude Include="vendor\google\protobuf\compiler\cpp\cpp_padding_optimizer.h">
      <Filter>Header Files</Filter>
    </ClInclude>
    <ClInclude Include="vendor\google\protobuf\compiler\cpp\cpp_parse_function_generator.h">
      <Filter>Header Files</Filter>
    </ClInclude>
    <ClInclude Include="vendor\google\protobuf\compiler\cpp\cpp_primitive_field.h">
      <Filter>Header Files</Filter>
    </ClInclude>
    <ClInclude Include="vendor\google\protobuf\compiler\cpp\cpp_service.h">
      <Filter>Header Files</Filter>
    </ClInclude>
    <ClInclude Include="vendor\google\protobuf\compiler\cpp\cpp_string_field.h">
      <Filter>Header Files</Filter>
    </ClInclude>
    <ClInclude Include="vendor\google\protobuf\compiler\cpp\cpp_test_bad_identifiers.pb.h">
      <Filter>Header Files</Filter>
    </ClInclude>
    <ClInclude Include="vendor\google\protobuf\compiler\cpp\cpp_test_large_enum_value.pb.h">
      <Filter>Header Files</Filter>
    </ClInclude>
    <ClInclude Include="vendor\google\protobuf\compiler\cpp\cpp_unittest.h">
      <Filter>Header Files</Filter>
    </ClInclude>
    <ClInclude Include="vendor\google\protobuf\compiler\csharp\csharp_doc_comment.h">
      <Filter>Header Files</Filter>
    </ClInclude>
    <ClInclude Include="vendor\google\protobuf\compiler\csharp\csharp_enum.h">
      <Filter>Header Files</Filter>
    </ClInclude>
    <ClInclude Include="vendor\google\protobuf\compiler\csharp\csharp_enum_field.h">
      <Filter>Header Files</Filter>
    </ClInclude>
    <ClInclude Include="vendor\google\protobuf\compiler\csharp\csharp_field_base.h">
      <Filter>Header Files</Filter>
    </ClInclude>
    <ClInclude Include="vendor\google\protobuf\compiler\csharp\csharp_generator.h">
      <Filter>Header Files</Filter>
    </ClInclude>
    <ClInclude Include="vendor\google\protobuf\compiler\csharp\csharp_helpers.h">
      <Filter>Header Files</Filter>
    </ClInclude>
    <ClInclude Include="vendor\google\protobuf\compiler\csharp\csharp_map_field.h">
      <Filter>Header Files</Filter>
    </ClInclude>
    <ClInclude Include="vendor\google\protobuf\compiler\csharp\csharp_message.h">
      <Filter>Header Files</Filter>
    </ClInclude>
    <ClInclude Include="vendor\google\protobuf\compiler\csharp\csharp_message_field.h">
      <Filter>Header Files</Filter>
    </ClInclude>
    <ClInclude Include="vendor\google\protobuf\compiler\csharp\csharp_names.h">
      <Filter>Header Files</Filter>
    </ClInclude>
    <ClInclude Include="vendor\google\protobuf\compiler\csharp\csharp_options.h">
      <Filter>Header Files</Filter>
    </ClInclude>
    <ClInclude Include="vendor\google\protobuf\compiler\csharp\csharp_primitive_field.h">
      <Filter>Header Files</Filter>
    </ClInclude>
    <ClInclude Include="vendor\google\protobuf\compiler\csharp\csharp_reflection_class.h">
      <Filter>Header Files</Filter>
    </ClInclude>
    <ClInclude Include="vendor\google\protobuf\compiler\csharp\csharp_repeated_enum_field.h">
      <Filter>Header Files</Filter>
    </ClInclude>
    <ClInclude Include="vendor\google\protobuf\compiler\csharp\csharp_repeated_message_field.h">
      <Filter>Header Files</Filter>
    </ClInclude>
    <ClInclude Include="vendor\google\protobuf\compiler\csharp\csharp_repeated_primitive_field.h">
      <Filter>Header Files</Filter>
    </ClInclude>
    <ClInclude Include="vendor\google\protobuf\compiler\csharp\csharp_source_generator_base.h">
      <Filter>Header Files</Filter>
    </ClInclude>
    <ClInclude Include="vendor\google\protobuf\compiler\csharp\csharp_wrapper_field.h">
      <Filter>Header Files</Filter>
    </ClInclude>
    <ClInclude Include="vendor\google\protobuf\compiler\java\java_context.h">
      <Filter>Header Files</Filter>
    </ClInclude>
    <ClInclude Include="vendor\google\protobuf\compiler\java\java_doc_comment.h">
      <Filter>Header Files</Filter>
    </ClInclude>
    <ClInclude Include="vendor\google\protobuf\compiler\java\java_enum.h">
      <Filter>Header Files</Filter>
    </ClInclude>
    <ClInclude Include="vendor\google\protobuf\compiler\java\java_enum_field.h">
      <Filter>Header Files</Filter>
    </ClInclude>
    <ClInclude Include="vendor\google\protobuf\compiler\java\java_enum_field_lite.h">
      <Filter>Header Files</Filter>
    </ClInclude>
    <ClInclude Include="vendor\google\protobuf\compiler\java\java_enum_lite.h">
      <Filter>Header Files</Filter>
    </ClInclude>
    <ClInclude Include="vendor\google\protobuf\compiler\java\java_extension.h">
      <Filter>Header Files</Filter>
    </ClInclude>
    <ClInclude Include="vendor\google\protobuf\compiler\java\java_extension_lite.h">
      <Filter>Header Files</Filter>
    </ClInclude>
    <ClInclude Include="vendor\google\protobuf\compiler\java\java_field.h">
      <Filter>Header Files</Filter>
    </ClInclude>
    <ClInclude Include="vendor\google\protobuf\compiler\java\java_file.h">
      <Filter>Header Files</Filter>
    </ClInclude>
    <ClInclude Include="vendor\google\protobuf\compiler\java\java_generator.h">
      <Filter>Header Files</Filter>
    </ClInclude>
    <ClInclude Include="vendor\google\protobuf\compiler\java\java_generator_factory.h">
      <Filter>Header Files</Filter>
    </ClInclude>
    <ClInclude Include="vendor\google\protobuf\compiler\java\java_helpers.h">
      <Filter>Header Files</Filter>
    </ClInclude>
    <ClInclude Include="vendor\google\protobuf\compiler\java\java_kotlin_generator.h">
      <Filter>Header Files</Filter>
    </ClInclude>
    <ClInclude Include="vendor\google\protobuf\compiler\java\java_map_field.h">
      <Filter>Header Files</Filter>
    </ClInclude>
    <ClInclude Include="vendor\google\protobuf\compiler\java\java_map_field_lite.h">
      <Filter>Header Files</Filter>
    </ClInclude>
    <ClInclude Include="vendor\google\protobuf\compiler\java\java_message.h">
      <Filter>Header Files</Filter>
    </ClInclude>
    <ClInclude Include="vendor\google\protobuf\compiler\java\java_message_builder.h">
      <Filter>Header Files</Filter>
    </ClInclude>
    <ClInclude Include="vendor\google\protobuf\compiler\java\java_message_builder_lite.h">
      <Filter>Header Files</Filter>
    </ClInclude>
    <ClInclude Include="vendor\google\protobuf\compiler\java\java_message_field.h">
      <Filter>Header Files</Filter>
    </ClInclude>
    <ClInclude Include="vendor\google\protobuf\compiler\java\java_message_field_lite.h">
      <Filter>Header Files</Filter>
    </ClInclude>
    <ClInclude Include="vendor\google\protobuf\compiler\java\java_message_lite.h">
      <Filter>Header Files</Filter>
    </ClInclude>
    <ClInclude Include="vendor\google\protobuf\compiler\java\java_name_resolver.h">
      <Filter>Header Files</Filter>
    </ClInclude>
    <ClInclude Include="vendor\google\protobuf\compiler\java\java_names.h">
      <Filter>Header Files</Filter>
    </ClInclude>
    <ClInclude Include="vendor\google\protobuf\compiler\java\java_options.h">
      <Filter>Header Files</Filter>
    </ClInclude>
    <ClInclude Include="vendor\google\protobuf\compiler\java\java_primitive_field.h">
      <Filter>Header Files</Filter>
    </ClInclude>
    <ClInclude Include="vendor\google\protobuf\compiler\java\java_primitive_field_lite.h">
      <Filter>Header Files</Filter>
    </ClInclude>
    <ClInclude Include="vendor\google\protobuf\compiler\java\java_service.h">
      <Filter>Header Files</Filter>
    </ClInclude>
    <ClInclude Include="vendor\google\protobuf\compiler\java\java_shared_code_generator.h">
      <Filter>Header Files</Filter>
    </ClInclude>
    <ClInclude Include="vendor\google\protobuf\compiler\java\java_string_field.h">
      <Filter>Header Files</Filter>
    </ClInclude>
    <ClInclude Include="vendor\google\protobuf\compiler\java\java_string_field_lite.h">
      <Filter>Header Files</Filter>
    </ClInclude>
    <ClInclude Include="vendor\google\protobuf\compiler\js\js_generator.h">
      <Filter>Header Files</Filter>
    </ClInclude>
    <ClInclude Include="vendor\google\protobuf\compiler\js\well_known_types_embed.h">
      <Filter>Header Files</Filter>
    </ClInclude>
    <ClInclude Include="vendor\google\protobuf\compiler\objectivec\objectivec_enum.h">
      <Filter>Header Files</Filter>
    </ClInclude>
    <ClInclude Include="vendor\google\protobuf\compiler\objectivec\objectivec_enum_field.h">
      <Filter>Header Files</Filter>
    </ClInclude>
    <ClInclude Include="vendor\google\protobuf\compiler\objectivec\objectivec_extension.h">
      <Filter>Header Files</Filter>
    </ClInclude>
    <ClInclude Include="vendor\google\protobuf\compiler\objectivec\objectivec_field.h">
      <Filter>Header Files</Filter>
    </ClInclude>
    <ClInclude Include="vendor\google\protobuf\compiler\objectivec\objectivec_file.h">
      <Filter>Header Files</Filter>
    </ClInclude>
    <ClInclude Include="vendor\google\protobuf\compiler\objectivec\objectivec_generator.h">
      <Filter>Header Files</Filter>
    </ClInclude>
    <ClInclude Include="vendor\google\protobuf\compiler\objectivec\objectivec_helpers.h">
      <Filter>Header Files</Filter>
    </ClInclude>
    <ClInclude Include="vendor\google\protobuf\compiler\objectivec\objectivec_map_field.h">
      <Filter>Header Files</Filter>
    </ClInclude>
    <ClInclude Include="vendor\google\protobuf\compiler\objectivec\objectivec_message.h">
      <Filter>Header Files</Filter>
    </ClInclude>
    <ClInclude Include="vendor\google\protobuf\compiler\objectivec\objectivec_message_field.h">
      <Filter>Header Files</Filter>
    </ClInclude>
    <ClInclude Include="vendor\google\protobuf\compiler\objectivec\objectivec_nsobject_methods.h">
      <Filter>Header Files</Filter>
    </ClInclude>
    <ClInclude Include="vendor\google\protobuf\compiler\objectivec\objectivec_oneof.h">
      <Filter>Header Files</Filter>
    </ClInclude>
    <ClInclude Include="vendor\google\protobuf\compiler\objectivec\objectivec_primitive_field.h">
      <Filter>Header Files</Filter>
    </ClInclude>
    <ClInclude Include="vendor\google\protobuf\compiler\php\php_generator.h">
      <Filter>Header Files</Filter>
    </ClInclude>
    <ClInclude Include="vendor\google\protobuf\compiler\python\python_generator.h">
      <Filter>Header Files</Filter>
    </ClInclude>
    <ClInclude Include="vendor\google\protobuf\compiler\python\python_helpers.h">
      <Filter>Header Files</Filter>
    </ClInclude>
    <ClInclude Include="vendor\google\protobuf\compiler\python\python_pyi_generator.h">
      <Filter>Header Files</Filter>
    </ClInclude>
    <ClInclude Include="vendor\google\protobuf\compiler\ruby\ruby_generator.h">
      <Filter>Header Files</Filter>
    </ClInclude>
    <ClInclude Include="vendor\google\protobuf\compiler\annotation_test_util.h">
      <Filter>Header Files</Filter>
    </ClInclude>
    <ClInclude Include="vendor\google\protobuf\compiler\code_generator.h">
      <Filter>Header Files</Filter>
    </ClInclude>
    <ClInclude Include="vendor\google\protobuf\compiler\command_line_interface.h">
      <Filter>Header Files</Filter>
    </ClInclude>
    <ClInclude Include="vendor\google\protobuf\compiler\importer.h">
      <Filter>Header Files</Filter>
    </ClInclude>
    <ClInclude Include="vendor\google\protobuf\compiler\mock_code_generator.h">
      <Filter>Header Files</Filter>
    </ClInclude>
    <ClInclude Include="vendor\google\protobuf\compiler\package_info.h">
      <Filter>Header Files</Filter>
    </ClInclude>
    <ClInclude Include="vendor\google\protobuf\compiler\parser.h">
      <Filter>Header Files</Filter>
    </ClInclude>
    <ClInclude Include="vendor\google\protobuf\compiler\plugin.h">
      <Filter>Header Files</Filter>
    </ClInclude>
    <ClInclude Include="vendor\google\protobuf\compiler\plugin.pb.h">
      <Filter>Header Files</Filter>
    </ClInclude>
    <ClInclude Include="vendor\google\protobuf\compiler\scc.h">
      <Filter>Header Files</Filter>
    </ClInclude>
    <ClInclude Include="vendor\google\protobuf\compiler\subprocess.h">
      <Filter>Header Files</Filter>
    </ClInclude>
    <ClInclude Include="vendor\google\protobuf\compiler\zip_writer.h">
      <Filter>Header Files</Filter>
    </ClInclude>
    <ClInclude Include="vendor\google\protobuf\io\coded_stream.h">
      <Filter>Header Files</Filter>
    </ClInclude>
    <ClInclude Include="vendor\google\protobuf\io\gzip_stream.h">
      <Filter>Header Files</Filter>
    </ClInclude>
    <ClInclude Include="vendor\google\protobuf\io\io_win32.h">
      <Filter>Header Files</Filter>
    </ClInclude>
    <ClInclude Include="vendor\google\protobuf\io\package_info.h">
      <Filter>Header Files</Filter>
    </ClInclude>
    <ClInclude Include="vendor\google\protobuf\io\printer.h">
      <Filter>Header Files</Filter>
    </ClInclude>
    <ClInclude Include="vendor\google\protobuf\io\strtod.h">
      <Filter>Header Files</Filter>
    </ClInclude>
    <ClInclude Include="vendor\google\protobuf\io\tokenizer.h">
      <Filter>Header Files</Filter>
    </ClInclude>
    <ClInclude Include="vendor\google\protobuf\io\zero_copy_stream.h">
      <Filter>Header Files</Filter>
    </ClInclude>
    <ClInclude Include="vendor\google\protobuf\io\zero_copy_stream_impl.h">
      <Filter>Header Files</Filter>
    </ClInclude>
    <ClInclude Include="vendor\google\protobuf\io\zero_copy_stream_impl_lite.h">
      <Filter>Header Files</Filter>
    </ClInclude>
    <ClInclude Include="vendor\google\protobuf\stubs\bytestream.h">
      <Filter>Header Files</Filter>
    </ClInclude>
    <ClInclude Include="vendor\google\protobuf\stubs\callback.h">
      <Filter>Header Files</Filter>
    </ClInclude>
    <ClInclude Include="vendor\google\protobuf\stubs\casts.h">
      <Filter>Header Files</Filter>
    </ClInclude>
    <ClInclude Include="vendor\google\protobuf\stubs\common.h">
      <Filter>Header Files</Filter>
    </ClInclude>
    <ClInclude Include="vendor\google\protobuf\stubs\hash.h">
      <Filter>Header Files</Filter>
    </ClInclude>
    <ClInclude Include="vendor\google\protobuf\stubs\int128.h">
      <Filter>Header Files</Filter>
    </ClInclude>
    <ClInclude Include="vendor\google\protobuf\stubs\logging.h">
      <Filter>Header Files</Filter>
    </ClInclude>
    <ClInclude Include="vendor\google\protobuf\stubs\macros.h">
      <Filter>Header Files</Filter>
    </ClInclude>
    <ClInclude Include="vendor\google\protobuf\stubs\map_util.h">
      <Filter>Header Files</Filter>
    </ClInclude>
    <ClInclude Include="vendor\google\protobuf\stubs\mathutil.h">
      <Filter>Header Files</Filter>
    </ClInclude>
    <ClInclude Include="vendor\google\protobuf\stubs\mutex.h">
      <Filter>Header Files</Filter>
    </ClInclude>
    <ClInclude Include="vendor\google\protobuf\stubs\once.h">
      <Filter>Header Files</Filter>
    </ClInclude>
    <ClInclude Include="vendor\google\protobuf\stubs\platform_macros.h">
      <Filter>Header Files</Filter>
    </ClInclude>
    <ClInclude Include="vendor\google\protobuf\stubs\port.h">
      <Filter>Header Files</Filter>
    </ClInclude>
    <ClInclude Include="vendor\google\protobuf\stubs\status.h">
      <Filter>Header Files</Filter>
    </ClInclude>
    <ClInclude Include="vendor\google\protobuf\stubs\status_macros.h">
      <Filter>Header Files</Filter>
    </ClInclude>
    <ClInclude Include="vendor\google\protobuf\stubs\statusor.h">
      <Filter>Header Files</Filter>
    </ClInclude>
    <ClInclude Include="vendor\google\protobuf\stubs\stl_util.h">
      <Filter>Header Files</Filter>
    </ClInclude>
    <ClInclude Include="vendor\google\protobuf\stubs\stringpiece.h">
      <Filter>Header Files</Filter>
    </ClInclude>
    <ClInclude Include="vendor\google\protobuf\stubs\stringprintf.h">
      <Filter>Header Files</Filter>
    </ClInclude>
    <ClInclude Include="vendor\google\protobuf\stubs\strutil.h">
      <Filter>Header Files</Filter>
    </ClInclude>
    <ClInclude Include="vendor\google\protobuf\stubs\substitute.h">
      <Filter>Header Files</Filter>
    </ClInclude>
    <ClInclude Include="vendor\google\protobuf\stubs\template_util.h">
      <Filter>Header Files</Filter>
    </ClInclude>
    <ClInclude Include="vendor\google\protobuf\stubs\time.h">
      <Filter>Header Files</Filter>
    </ClInclude>
    <ClInclude Include="vendor\google\protobuf\testing\file.h">
      <Filter>Header Files</Filter>
    </ClInclude>
    <ClInclude Include="vendor\google\protobuf\testing\googletest.h">
      <Filter>Header Files</Filter>
    </ClInclude>
    <ClInclude Include="vendor\google\protobuf\util\internal\testdata\anys.pb.h">
      <Filter>Header Files</Filter>
    </ClInclude>
    <ClInclude Include="vendor\google\protobuf\util\internal\testdata\books.pb.h">
      <Filter>Header Files</Filter>
    </ClInclude>
    <ClInclude Include="vendor\google\protobuf\util\internal\testdata\default_value.pb.h">
      <Filter>Header Files</Filter>
    </ClInclude>
    <ClInclude Include="vendor\google\protobuf\util\internal\testdata\default_value_test.pb.h">
      <Filter>Header Files</Filter>
    </ClInclude>
    <ClInclude Include="vendor\google\protobuf\util\internal\testdata\field_mask.pb.h">
      <Filter>Header Files</Filter>
    </ClInclude>
    <ClInclude Include="vendor\google\protobuf\util\internal\testdata\maps.pb.h">
      <Filter>Header Files</Filter>
    </ClInclude>
    <ClInclude Include="vendor\google\protobuf\util\internal\testdata\oneofs.pb.h">
      <Filter>Header Files</Filter>
    </ClInclude>
    <ClInclude Include="vendor\google\protobuf\util\internal\testdata\proto3.pb.h">
      <Filter>Header Files</Filter>
    </ClInclude>
    <ClInclude Include="vendor\google\protobuf\util\internal\testdata\struct.pb.h">
      <Filter>Header Files</Filter>
    </ClInclude>
    <ClInclude Include="vendor\google\protobuf\util\internal\testdata\timestamp_duration.pb.h">
      <Filter>Header Files</Filter>
    </ClInclude>
    <ClInclude Include="vendor\google\protobuf\util\internal\testdata\wrappers.pb.h">
      <Filter>Header Files</Filter>
    </ClInclude>
    <ClInclude Include="vendor\google\protobuf\util\internal\constants.h">
      <Filter>Header Files</Filter>
    </ClInclude>
    <ClInclude Include="vendor\google\protobuf\util\internal\datapiece.h">
      <Filter>Header Files</Filter>
    </ClInclude>
    <ClInclude Include="vendor\google\protobuf\util\internal\default_value_objectwriter.h">
      <Filter>Header Files</Filter>
    </ClInclude>
    <ClInclude Include="vendor\google\protobuf\util\internal\error_listener.h">
      <Filter>Header Files</Filter>
    </ClInclude>
    <ClInclude Include="vendor\google\protobuf\util\internal\expecting_objectwriter.h">
      <Filter>Header Files</Filter>
    </ClInclude>
    <ClInclude Include="vendor\google\protobuf\util\internal\field_mask_utility.h">
      <Filter>Header Files</Filter>
    </ClInclude>
    <ClInclude Include="vendor\google\protobuf\util\internal\json_escaping.h">
      <Filter>Header Files</Filter>
    </ClInclude>
    <ClInclude Include="vendor\google\protobuf\util\internal\json_objectwriter.h">
      <Filter>Header Files</Filter>
    </ClInclude>
    <ClInclude Include="vendor\google\protobuf\util\internal\json_stream_parser.h">
      <Filter>Header Files</Filter>
    </ClInclude>
    <ClInclude Include="vendor\google\protobuf\util\internal\location_tracker.h">
      <Filter>Header Files</Filter>
    </ClInclude>
    <ClInclude Include="vendor\google\protobuf\util\internal\mock_error_listener.h">
      <Filter>Header Files</Filter>
    </ClInclude>
    <ClInclude Include="vendor\google\protobuf\util\internal\object_location_tracker.h">
      <Filter>Header Files</Filter>
    </ClInclude>
    <ClInclude Include="vendor\google\protobuf\util\internal\object_source.h">
      <Filter>Header Files</Filter>
    </ClInclude>
    <ClInclude Include="vendor\google\protobuf\util\internal\object_writer.h">
      <Filter>Header Files</Filter>
    </ClInclude>
    <ClInclude Include="vendor\google\protobuf\util\internal\proto_writer.h">
      <Filter>Header Files</Filter>
    </ClInclude>
    <ClInclude Include="vendor\google\protobuf\util\internal\protostream_objectsource.h">
      <Filter>Header Files</Filter>
    </ClInclude>
    <ClInclude Include="vendor\google\protobuf\util\internal\protostream_objectwriter.h">
      <Filter>Header Files</Filter>
    </ClInclude>
    <ClInclude Include="vendor\google\protobuf\util\internal\structured_objectwriter.h">
      <Filter>Header Files</Filter>
    </ClInclude>
    <ClInclude Include="vendor\google\protobuf\util\internal\type_info.h">
      <Filter>Header Files</Filter>
    </ClInclude>
    <ClInclude Include="vendor\google\protobuf\util\internal\type_info_test_helper.h">
      <Filter>Header Files</Filter>
    </ClInclude>
    <ClInclude Include="vendor\google\protobuf\util\internal\utility.h">
      <Filter>Header Files</Filter>
    </ClInclude>
    <ClInclude Include="vendor\google\protobuf\util\delimited_message_util.h">
      <Filter>Header Files</Filter>
    </ClInclude>
    <ClInclude Include="vendor\google\protobuf\util\field_comparator.h">
      <Filter>Header Files</Filter>
    </ClInclude>
    <ClInclude Include="vendor\google\protobuf\util\field_mask_util.h">
      <Filter>Header Files</Filter>
    </ClInclude>
    <ClInclude Include="vendor\google\protobuf\util\json_format.pb.h">
      <Filter>Header Files</Filter>
    </ClInclude>
    <ClInclude Include="vendor\google\protobuf\util\json_format_proto3.pb.h">
      <Filter>Header Files</Filter>
    </ClInclude>
    <ClInclude Include="vendor\google\protobuf\util\json_util.h">
      <Filter>Header Files</Filter>
    </ClInclude>
    <ClInclude Include="vendor\google\protobuf\util\message_differencer.h">
      <Filter>Header Files</Filter>
    </ClInclude>
    <ClInclude Include="vendor\google\protobuf\util\message_differencer_unittest.pb.h">
      <Filter>Header Files</Filter>
    </ClInclude>
    <ClInclude Include="vendor\google\protobuf\util\package_info.h">
      <Filter>Header Files</Filter>
    </ClInclude>
    <ClInclude Include="vendor\google\protobuf\util\time_util.h">
      <Filter>Header Files</Filter>
    </ClInclude>
    <ClInclude Include="vendor\google\protobuf\util\type_resolver.h">
      <Filter>Header Files</Filter>
    </ClInclude>
    <ClInclude Include="vendor\google\protobuf\util\type_resolver_util.h">
      <Filter>Header Files</Filter>
    </ClInclude>
    <ClInclude Include="vendor\google\protobuf\any.h">
      <Filter>Header Files</Filter>
    </ClInclude>
    <ClInclude Include="vendor\google\protobuf\any.pb.h">
      <Filter>Header Files</Filter>
    </ClInclude>
    <ClInclude Include="vendor\google\protobuf\any_test.pb.h">
      <Filter>Header Files</Filter>
    </ClInclude>
    <ClInclude Include="vendor\google\protobuf\api.pb.h">
      <Filter>Header Files</Filter>
    </ClInclude>
    <ClInclude Include="vendor\google\protobuf\arena.h">
      <Filter>Header Files</Filter>
    </ClInclude>
    <ClInclude Include="vendor\google\protobuf\arena_impl.h">
      <Filter>Header Files</Filter>
    </ClInclude>
    <ClInclude Include="vendor\google\protobuf\arena_test_util.h">
      <Filter>Header Files</Filter>
    </ClInclude>
    <ClInclude Include="vendor\google\protobuf\arenastring.h">
      <Filter>Header Files</Filter>
    </ClInclude>
    <ClInclude Include="vendor\google\protobuf\arenaz_sampler.h">
      <Filter>Header Files</Filter>
    </ClInclude>
    <ClInclude Include="vendor\google\protobuf\descriptor.h">
      <Filter>Header Files</Filter>
    </ClInclude>
    <ClInclude Include="vendor\google\protobuf\descriptor.pb.h">
      <Filter>Header Files</Filter>
    </ClInclude>
    <ClInclude Include="vendor\google\protobuf\descriptor_database.h">
      <Filter>Header Files</Filter>
    </ClInclude>
    <ClInclude Include="vendor\google\protobuf\duration.pb.h">
      <Filter>Header Files</Filter>
    </ClInclude>
    <ClInclude Include="vendor\google\protobuf\dynamic_message.h">
      <Filter>Header Files</Filter>
    </ClInclude>
    <ClInclude Include="vendor\google\protobuf\empty.pb.h">
      <Filter>Header Files</Filter>
    </ClInclude>
    <ClInclude Include="vendor\google\protobuf\explicitly_constructed.h">
      <Filter>Header Files</Filter>
    </ClInclude>
    <ClInclude Include="vendor\google\protobuf\extension_set.h">
      <Filter>Header Files</Filter>
    </ClInclude>
    <ClInclude Include="vendor\google\protobuf\extension_set_inl.h">
      <Filter>Header Files</Filter>
    </ClInclude>
    <ClInclude Include="vendor\google\protobuf\field_access_listener.h">
      <Filter>Header Files</Filter>
    </ClInclude>
    <ClInclude Include="vendor\google\protobuf\field_mask.pb.h">
      <Filter>Header Files</Filter>
    </ClInclude>
    <ClInclude Include="vendor\google\protobuf\generated_enum_reflection.h">
      <Filter>Header Files</Filter>
    </ClInclude>
    <ClInclude Include="vendor\google\protobuf\generated_enum_util.h">
      <Filter>Header Files</Filter>
    </ClInclude>
    <ClInclude Include="vendor\google\protobuf\generated_message_bases.h">
      <Filter>Header Files</Filter>
    </ClInclude>
    <ClInclude Include="vendor\google\protobuf\generated_message_reflection.h">
      <Filter>Header Files</Filter>
    </ClInclude>
    <ClInclude Include="vendor\google\protobuf\generated_message_tctable_decl.h">
      <Filter>Header Files</Filter>
    </ClInclude>
    <ClInclude Include="vendor\google\protobuf\generated_message_tctable_impl.h">
      <Filter>Header Files</Filter>
    </ClInclude>
    <ClInclude Include="vendor\google\protobuf\generated_message_util.h">
      <Filter>Header Files</Filter>
    </ClInclude>
    <ClInclude Include="vendor\google\protobuf\has_bits.h">
      <Filter>Header Files</Filter>
    </ClInclude>
    <ClInclude Include="vendor\google\protobuf\implicit_weak_message.h">
      <Filter>Header Files</Filter>
    </ClInclude>
    <ClInclude Include="vendor\google\protobuf\inlined_string_field.h">
      <Filter>Header Files</Filter>
    </ClInclude>
    <ClInclude Include="vendor\google\protobuf\map.h">
      <Filter>Header Files</Filter>
    </ClInclude>
    <ClInclude Include="vendor\google\protobuf\map_entry.h">
      <Filter>Header Files</Filter>
    </ClInclude>
    <ClInclude Include="vendor\google\protobuf\map_entry_lite.h">
      <Filter>Header Files</Filter>
    </ClInclude>
    <ClInclude Include="vendor\google\protobuf\map_field.h">
      <Filter>Header Files</Filter>
    </ClInclude>
    <ClInclude Include="vendor\google\protobuf\map_field_inl.h">
      <Filter>Header Files</Filter>
    </ClInclude>
    <ClInclude Include="vendor\google\protobuf\map_field_lite.h">
      <Filter>Header Files</Filter>
    </ClInclude>
    <ClInclude Include="vendor\google\protobuf\map_lite_test_util.h">
      <Filter>Header Files</Filter>
    </ClInclude>
    <ClInclude Include="vendor\google\protobuf\map_lite_unittest.pb.h">
      <Filter>Header Files</Filter>
    </ClInclude>
    <ClInclude Include="vendor\google\protobuf\map_proto2_unittest.pb.h">
      <Filter>Header Files</Filter>
    </ClInclude>
    <ClInclude Include="vendor\google\protobuf\map_test_util.h">
      <Filter>Header Files</Filter>
    </ClInclude>
    <ClInclude Include="vendor\google\protobuf\map_test_util_impl.h">
      <Filter>Header Files</Filter>
    </ClInclude>
    <ClInclude Include="vendor\google\protobuf\map_type_handler.h">
      <Filter>Header Files</Filter>
    </ClInclude>
    <ClInclude Include="vendor\google\protobuf\map_unittest.pb.h">
      <Filter>Header Files</Filter>
    </ClInclude>
    <ClInclude Include="vendor\google\protobuf\message_lite.h">
      <Filter>Header Files</Filter>
    </ClInclude>
    <ClInclude Include="vendor\google\protobuf\metadata.h">
      <Filter>Header Files</Filter>
    </ClInclude>
    <ClInclude Include="vendor\google\protobuf\metadata_lite.h">
      <Filter>Header Files</Filter>
    </ClInclude>
    <ClInclude Include="vendor\google\protobuf\package_info.h">
      <Filter>Header Files</Filter>
    </ClInclude>
    <ClInclude Include="vendor\google\protobuf\parse_context.h">
      <Filter>Header Files</Filter>
    </ClInclude>
    <ClInclude Include="vendor\google\protobuf\port.h">
      <Filter>Header Files</Filter>
    </ClInclude>
    <ClInclude Include="vendor\google\protobuf\reflection.h">
      <Filter>Header Files</Filter>
    </ClInclude>
    <ClInclude Include="vendor\google\protobuf\reflection_internal.h">
      <Filter>Header Files</Filter>
    </ClInclude>
    <ClInclude Include="vendor\google\protobuf\reflection_ops.h">
      <Filter>Header Files</Filter>
    </ClInclude>
    <ClInclude Include="vendor\google\protobuf\reflection_tester.h">
      <Filter>Header Files</Filter>
    </ClInclude>
    <ClInclude Include="vendor\google\protobuf\repeated_field.h">
      <Filter>Header Files</Filter>
    </ClInclude>
    <ClInclude Include="vendor\google\protobuf\repeated_ptr_field.h">
      <Filter>Header Files</Filter>
    </ClInclude>
    <ClInclude Include="vendor\google\protobuf\service.h">
      <Filter>Header Files</Filter>
    </ClInclude>
    <ClInclude Include="vendor\google\protobuf\source_context.pb.h">
      <Filter>Header Files</Filter>
    </ClInclude>
    <ClInclude Include="vendor\google\protobuf\string_member_robber.h">
      <Filter>Header Files</Filter>
    </ClInclude>
    <ClInclude Include="vendor\google\protobuf\struct.pb.h">
      <Filter>Header Files</Filter>
    </ClInclude>
    <ClInclude Include="vendor\google\protobuf\test_util.h">
      <Filter>Header Files</Filter>
    </ClInclude>
    <ClInclude Include="vendor\google\protobuf\test_util_lite.h">
      <Filter>Header Files</Filter>
    </ClInclude>
    <ClInclude Include="vendor\google\protobuf\test_util2.h">
      <Filter>Header Files</Filter>
    </ClInclude>
    <ClInclude Include="vendor\google\protobuf\text_format.h">
      <Filter>Header Files</Filter>
    </ClInclude>
    <ClInclude Include="vendor\google\protobuf\timestamp.pb.h">
      <Filter>Header Files</Filter>
    </ClInclude>
    <ClInclude Include="vendor\google\protobuf\type.pb.h">
      <Filter>Header Files</Filter>
    </ClInclude>
    <ClInclude Include="vendor\google\protobuf\unittest.pb.h">
      <Filter>Header Files</Filter>
    </ClInclude>
    <ClInclude Include="vendor\google\protobuf\unittest_arena.pb.h">
      <Filter>Header Files</Filter>
    </ClInclude>
    <ClInclude Include="vendor\google\protobuf\unittest_custom_options.pb.h">
      <Filter>Header Files</Filter>
    </ClInclude>
    <ClInclude Include="vendor\google\protobuf\unittest_drop_unknown_fields.pb.h">
      <Filter>Header Files</Filter>
    </ClInclude>
    <ClInclude Include="vendor\google\protobuf\unittest_embed_optimize_for.pb.h">
      <Filter>Header Files</Filter>
    </ClInclude>
    <ClInclude Include="vendor\google\protobuf\unittest_empty.pb.h">
      <Filter>Header Files</Filter>
    </ClInclude>
    <ClInclude Include="vendor\google\protobuf\unittest_import.pb.h">
      <Filter>Header Files</Filter>
    </ClInclude>
    <ClInclude Include="vendor\google\protobuf\unittest_import_lite.pb.h">
      <Filter>Header Files</Filter>
    </ClInclude>
    <ClInclude Include="vendor\google\protobuf\unittest_import_public.pb.h">
      <Filter>Header Files</Filter>
    </ClInclude>
    <ClInclude Include="vendor\google\protobuf\unittest_import_public_lite.pb.h">
      <Filter>Header Files</Filter>
    </ClInclude>
    <ClInclude Include="vendor\google\protobuf\unittest_lazy_dependencies.pb.h">
      <Filter>Header Files</Filter>
    </ClInclude>
    <ClInclude Include="vendor\google\protobuf\unittest_lazy_dependencies_custom_option.pb.h">
      <Filter>Header Files</Filter>
    </ClInclude>
    <ClInclude Include="vendor\google\protobuf\unittest_lazy_dependencies_enum.pb.h">
      <Filter>Header Files</Filter>
    </ClInclude>
    <ClInclude Include="vendor\google\protobuf\unittest_lite.pb.h">
      <Filter>Header Files</Filter>
    </ClInclude>
    <ClInclude Include="vendor\google\protobuf\unittest_lite_imports_nonlite.pb.h">
      <Filter>Header Files</Filter>
    </ClInclude>
    <ClInclude Include="vendor\google\protobuf\unittest_mset.pb.h">
      <Filter>Header Files</Filter>
    </ClInclude>
    <ClInclude Include="vendor\google\protobuf\unittest_mset_wire_format.pb.h">
      <Filter>Header Files</Filter>
    </ClInclude>
    <ClInclude Include="vendor\google\protobuf\unittest_no_field_presence.pb.h">
      <Filter>Header Files</Filter>
    </ClInclude>
    <ClInclude Include="vendor\google\protobuf\unittest_no_generic_services.pb.h">
      <Filter>Header Files</Filter>
    </ClInclude>
    <ClInclude Include="vendor\google\protobuf\unittest_optimize_for.pb.h">
      <Filter>Header Files</Filter>
    </ClInclude>
    <ClInclude Include="vendor\google\protobuf\unittest_preserve_unknown_enum.pb.h">
      <Filter>Header Files</Filter>
    </ClInclude>
    <ClInclude Include="vendor\google\protobuf\unittest_preserve_unknown_enum2.pb.h">
      <Filter>Header Files</Filter>
    </ClInclude>
    <ClInclude Include="vendor\google\protobuf\unittest_proto3.pb.h">
      <Filter>Header Files</Filter>
    </ClInclude>
    <ClInclude Include="vendor\google\protobuf\unittest_proto3_arena.pb.h">
      <Filter>Header Files</Filter>
    </ClInclude>
    <ClInclude Include="vendor\google\protobuf\unittest_proto3_arena_lite.pb.h">
      <Filter>Header Files</Filter>
    </ClInclude>
    <ClInclude Include="vendor\google\protobuf\unittest_proto3_lite.pb.h">
      <Filter>Header Files</Filter>
    </ClInclude>
    <ClInclude Include="vendor\google\protobuf\unittest_proto3_optional.pb.h">
      <Filter>Header Files</Filter>
    </ClInclude>
    <ClInclude Include="vendor\google\protobuf\unittest_well_known_types.pb.h">
      <Filter>Header Files</Filter>
    </ClInclude>
    <ClInclude Include="vendor\google\protobuf\unknown_field_set.h">
      <Filter>Header Files</Filter>
    </ClInclude>
    <ClInclude Include="vendor\google\protobuf\wire_format.h">
      <Filter>Header Files</Filter>
    </ClInclude>
    <ClInclude Include="vendor\google\protobuf\wire_format_lite.h">
      <Filter>Header Files</Filter>
    </ClInclude>
    <ClInclude Include="vendor\google\protobuf\wrappers.pb.h">
      <Filter>Header Files</Filter>
    </ClInclude>
    <ClInclude Include="vendor\include\google\protobuf\testing\file.h">
      <Filter>Header Files</Filter>
    </ClInclude>
    <ClInclude Include="vendor\include\google\protobuf\testing\googletest.h">
      <Filter>Header Files</Filter>
    </ClInclude>
    <ClInclude Include="vendor\include\google\protobuf\util\internal\testdata\anys.pb.h">
      <Filter>Header Files</Filter>
    </ClInclude>
    <ClInclude Include="vendor\include\google\protobuf\util\internal\testdata\books.pb.h">
      <Filter>Header Files</Filter>
    </ClInclude>
    <ClInclude Include="vendor\include\google\protobuf\util\internal\testdata\default_value.pb.h">
      <Filter>Header Files</Filter>
    </ClInclude>
    <ClInclude Include="vendor\include\google\protobuf\util\internal\testdata\default_value_test.pb.h">
      <Filter>Header Files</Filter>
    </ClInclude>
    <ClInclude Include="vendor\include\google\protobuf\util\internal\testdata\field_mask.pb.h">
      <Filter>Header Files</Filter>
    </ClInclude>
    <ClInclude Include="vendor\include\google\protobuf\util\internal\testdata\maps.pb.h">
      <Filter>Header Files</Filter>
    </ClInclude>
    <ClInclude Include="vendor\include\google\protobuf\util\internal\testdata\oneofs.pb.h">
      <Filter>Header Files</Filter>
    </ClInclude>
    <ClInclude Include="vendor\include\google\protobuf\util\internal\testdata\proto3.pb.h">
      <Filter>Header Files</Filter>
    </ClInclude>
    <ClInclude Include="vendor\include\google\protobuf\util\internal\testdata\struct.pb.h">
      <Filter>Header Files</Filter>
    </ClInclude>
    <ClInclude Include="vendor\include\google\protobuf\util\internal\testdata\timestamp_duration.pb.h">
      <Filter>Header Files</Filter>
    </ClInclude>
    <ClInclude Include="vendor\include\google\protobuf\util\internal\testdata\wrappers.pb.h">
      <Filter>Header Files</Filter>
    </ClInclude>
    <ClInclude Include="vendor\include\google\protobuf\util\internal\constants.h">
      <Filter>Header Files</Filter>
    </ClInclude>
    <ClInclude Include="vendor\include\google\protobuf\util\internal\datapiece.h">
      <Filter>Header Files</Filter>
    </ClInclude>
    <ClInclude Include="vendor\include\google\protobuf\util\internal\default_value_objectwriter.h">
      <Filter>Header Files</Filter>
    </ClInclude>
    <ClInclude Include="vendor\include\google\protobuf\util\internal\error_listener.h">
      <Filter>Header Files</Filter>
    </ClInclude>
    <ClInclude Include="vendor\include\google\protobuf\util\internal\expecting_objectwriter.h">
      <Filter>Header Files</Filter>
    </ClInclude>
    <ClInclude Include="vendor\include\google\protobuf\util\internal\field_mask_utility.h">
      <Filter>Header Files</Filter>
    </ClInclude>
    <ClInclude Include="vendor\include\google\protobuf\util\internal\json_escaping.h">
      <Filter>Header Files</Filter>
    </ClInclude>
    <ClInclude Include="vendor\include\google\protobuf\util\internal\json_objectwriter.h">
      <Filter>Header Files</Filter>
    </ClInclude>
    <ClInclude Include="vendor\include\google\protobuf\util\internal\json_stream_parser.h">
      <Filter>Header Files</Filter>
    </ClInclude>
    <ClInclude Include="vendor\include\google\protobuf\util\internal\location_tracker.h">
      <Filter>Header Files</Filter>
    </ClInclude>
    <ClInclude Include="vendor\include\google\protobuf\util\internal\mock_error_listener.h">
      <Filter>Header Files</Filter>
    </ClInclude>
    <ClInclude Include="vendor\include\google\protobuf\util\internal\object_location_tracker.h">
      <Filter>Header Files</Filter>
    </ClInclude>
    <ClInclude Include="vendor\include\google\protobuf\util\internal\object_source.h">
      <Filter>Header Files</Filter>
    </ClInclude>
    <ClInclude Include="vendor\include\google\protobuf\util\internal\object_writer.h">
      <Filter>Header Files</Filter>
    </ClInclude>
    <ClInclude Include="vendor\include\google\protobuf\util\internal\proto_writer.h">
      <Filter>Header Files</Filter>
    </ClInclude>
    <ClInclude Include="vendor\include\google\protobuf\util\internal\protostream_objectsource.h">
      <Filter>Header Files</Filter>
    </ClInclude>
    <ClInclude Include="vendor\include\google\protobuf\util\internal\protostream_objectwriter.h">
      <Filter>Header Files</Filter>
    </ClInclude>
    <ClInclude Include="vendor\include\google\protobuf\util\internal\structured_objectwriter.h">
      <Filter>Header Files</Filter>
    </ClInclude>
    <ClInclude Include="vendor\include\google\protobuf\util\internal\type_info.h">
      <Filter>Header Files</Filter>
    </ClInclude>
    <ClInclude Include="vendor\include\google\protobuf\util\internal\type_info_test_helper.h">
      <Filter>Header Files</Filter>
    </ClInclude>
    <ClInclude Include="vendor\include\google\protobuf\util\internal\utility.h">
      <Filter>Header Files</Filter>
    </ClInclude>
    <ClInclude Include="src\user\common\Event.h">
      <Filter>Header Files</Filter>
    </ClInclude>
    <ClInclude Include="src\user\common\Config.h">
      <Filter>Header Files</Filter>
    </ClInclude>
  </ItemGroup>
  <ItemGroup>
    <ClCompile Include="src\user\main.cpp">
      <Filter>Source Files</Filter>
    </ClCompile>
    <ClCompile Include="src\user\cheat\misc\protection-bypass.cpp">
      <Filter>Source Files</Filter>
    </ClCompile>
    <ClCompile Include="src\user\cheat\misc\debug-hooks.cpp">
      <Filter>Source Files</Filter>
    </ClCompile>
    <ClCompile Include="src\user\common\close-handle.cpp">
      <Filter>Source Files\util</Filter>
    </ClCompile>
    <ClCompile Include="src\framework\pch-il2cpp.cpp">
      <Filter>Source Files\framework</Filter>
    </ClCompile>
    <ClCompile Include="src\framework\il2cpp-init.cpp">
      <Filter>Source Files\framework</Filter>
    </ClCompile>
    <ClCompile Include="src\framework\dllmain.cpp">
      <Filter>Source Files\framework</Filter>
    </ClCompile>
    <ClCompile Include="src\framework\helpers.cpp">
      <Filter>Source Files\framework</Filter>
    </ClCompile>
    <ClCompile Include="vendor\imgui\imgui.cpp">
      <Filter>Source Files</Filter>
    </ClCompile>
    <ClCompile Include="vendor\imgui\imgui_demo.cpp">
      <Filter>Source Files</Filter>
    </ClCompile>
    <ClCompile Include="vendor\imgui\imgui_draw.cpp">
      <Filter>Source Files</Filter>
    </ClCompile>
    <ClCompile Include="vendor\imgui\imgui_tables.cpp">
      <Filter>Source Files</Filter>
    </ClCompile>
    <ClCompile Include="vendor\imgui\imgui_widgets.cpp">
      <Filter>Source Files</Filter>
    </ClCompile>
    <ClCompile Include="vendor\imgui\backends\imgui_impl_dx11.cpp">
      <Filter>Source Files</Filter>
    </ClCompile>
    <ClCompile Include="src\user\common\dx11-hook.cpp">
      <Filter>Source Files</Filter>
    </ClCompile>
    <ClCompile Include="src\user\gui\renderer.cpp">
      <Filter>Source Files</Filter>
    </ClCompile>
    <ClCompile Include="vendor\imgui\backends\imgui_impl_win32.cpp">
      <Filter>Source Files</Filter>
    </ClCompile>
    <ClCompile Include="src\user\gui\modules\TeleportModule.cpp">
      <Filter>Source Files</Filter>
    </ClCompile>
    <ClCompile Include="src\user\cheat\map-teleport.cpp">
      <Filter>Source Files</Filter>
    </ClCompile>
    <ClCompile Include="src\user\common\Hotkey.cpp">
      <Filter>Source Files</Filter>
    </ClCompile>
    <ClCompile Include="src\user\gui\gui-util.cpp">
      <Filter>Source Files</Filter>
    </ClCompile>
    <ClCompile Include="vendor\imgui\misc\cpp\imgui_stdlib.cpp">
      <Filter>Source Files</Filter>
    </ClCompile>
    <ClCompile Include="src\user\gui\modules\SettingsModule.cpp">
      <Filter>Source Files</Filter>
    </ClCompile>
    <ClCompile Include="src\user\gui\modules\DebugModule.cpp">
      <Filter>Source Files</Filter>
    </ClCompile>
    <ClCompile Include="src\user\cheat\player-cheat.cpp">
      <Filter>Source Files</Filter>
    </ClCompile>
    <ClCompile Include="src\user\gui\modules\StatusModule.cpp">
      <Filter>Source Files</Filter>
    </ClCompile>
    <ClCompile Include="src\user\gui\modules\HotkeysModule.cpp">
      <Filter>Source Files</Filter>
    </ClCompile>
    <ClCompile Include="src\user\cheat\cheat.cpp">
      <Filter>Source Files</Filter>
    </ClCompile>
    <ClCompile Include="src\user\gui\modules\PlayerModule.cpp">
      <Filter>Source Files</Filter>
    </ClCompile>
    <ClCompile Include="src\user\gui\modules\WorldModule.cpp">
      <Filter>Source Files</Filter>
    </ClCompile>
    <ClCompile Include="src\user\common\Patch.cpp">
      <Filter>Source Files</Filter>
    </ClCompile>
    <ClCompile Include="src\user\common\util.cpp">
      <Filter>Source Files</Filter>
    </ClCompile>
    <ClCompile Include="src\user\gui\main-window.cpp">
      <Filter>Source Files</Filter>
    </ClCompile>
    <ClCompile Include="src\user\cheat\world-cheat.cpp">
      <Filter>Source Files</Filter>
    </ClCompile>
    <ClCompile Include="src\user\cheat\misc\packet-hook.cpp">
      <Filter>Source Files</Filter>
    </ClCompile>
    <ClCompile Include="src\user\common\Config.cpp">
      <Filter>Source Files</Filter>
    </ClCompile>
  </ItemGroup>
  <ItemGroup>
    <None Include="packages.config" />
    <None Include="vendor\google\protobuf\compiler\cpp\cpp_unittest.inc">
      <Filter>Header Files</Filter>
    </None>
    <None Include="vendor\google\protobuf\map_test.inc">
      <Filter>Header Files</Filter>
    </None>
    <None Include="vendor\google\protobuf\map_test_util.inc">
      <Filter>Header Files</Filter>
    </None>
    <None Include="vendor\google\protobuf\message_unittest.inc">
      <Filter>Header Files</Filter>
    </None>
    <None Include="vendor\google\protobuf\port_def.inc">
      <Filter>Header Files</Filter>
    </None>
    <None Include="vendor\google\protobuf\port_undef.inc">
      <Filter>Header Files</Filter>
    </None>
    <None Include="vendor\google\protobuf\proto3_lite_unittest.inc">
      <Filter>Header Files</Filter>
    </None>
    <None Include="vendor\google\protobuf\test_util.inc">
      <Filter>Header Files</Filter>
    </None>
    <None Include="vendor\google\protobuf\wire_format_unittest.inc">
      <Filter>Header Files</Filter>
    </None>
  </ItemGroup>
  <ItemGroup>
    <ResourceCompile Include="res\Resource.rc">
      <Filter>Resource Files</Filter>
    </ResourceCompile>
  </ItemGroup>
  <ItemGroup>
    <Font Include="res\Ruda-Bold.ttf" />
  </ItemGroup>
</Project>